
Microsoft Visual Studio Solution File, Format Version 12.00
# Visual Studio Version 16
VisualStudioVersion = 16.0.810.7
MinimumVisualStudioVersion = 10.0.40219.1
Project("{E53339B2-1760-4266-BCC7-CA923CBCF16C}") = "docker-compose", "docker-compose.dcproj", "{95C592E1-EA0C-412B-90BD-A25C5590E33C}"
EndProject
Project("{FAE04EC0-301F-11D3-BF4B-00C04F79EFBC}") = "Domain", "Domain\Domain.csproj", "{0A898A41-CA0B-4AF2-90E8-853CDFA52D66}"
EndProject
Project("{FAE04EC0-301F-11D3-BF4B-00C04F79EFBC}") = "Infrastructure", "Infrastructure\Infrastructure.csproj", "{27E663E3-E044-45B9-9287-88D8CBCFDADC}"
EndProject
Project("{FAE04EC0-301F-11D3-BF4B-00C04F79EFBC}") = "DiscordBot", "DiscordBot\DiscordBot.csproj", "{DC440C2D-C648-4868-BBC6-532AEA2680CF}"
EndProject
Project("{FAE04EC0-301F-11D3-BF4B-00C04F79EFBC}") = "Admin", "Admin\Admin.csproj", "{87E9DE87-24F7-4160-898A-BE73029A1720}"
EndProject
Global
	GlobalSection(SolutionConfigurationPlatforms) = preSolution
		Debug|Any CPU = Debug|Any CPU
		Release|Any CPU = Release|Any CPU
	EndGlobalSection
	GlobalSection(ProjectConfigurationPlatforms) = postSolution
		{95C592E1-EA0C-412B-90BD-A25C5590E33C}.Debug|Any CPU.ActiveCfg = Debug|Any CPU
		{95C592E1-EA0C-412B-90BD-A25C5590E33C}.Debug|Any CPU.Build.0 = Debug|Any CPU
		{95C592E1-EA0C-412B-90BD-A25C5590E33C}.Release|Any CPU.ActiveCfg = Release|Any CPU
		{95C592E1-EA0C-412B-90BD-A25C5590E33C}.Release|Any CPU.Build.0 = Release|Any CPU
		{0A898A41-CA0B-4AF2-90E8-853CDFA52D66}.Debug|Any CPU.ActiveCfg = Debug|Any CPU
		{0A898A41-CA0B-4AF2-90E8-853CDFA52D66}.Debug|Any CPU.Build.0 = Debug|Any CPU
		{0A898A41-CA0B-4AF2-90E8-853CDFA52D66}.Release|Any CPU.ActiveCfg = Release|Any CPU
		{0A898A41-CA0B-4AF2-90E8-853CDFA52D66}.Release|Any CPU.Build.0 = Release|Any CPU
		{27E663E3-E044-45B9-9287-88D8CBCFDADC}.Debug|Any CPU.ActiveCfg = Debug|Any CPU
		{27E663E3-E044-45B9-9287-88D8CBCFDADC}.Debug|Any CPU.Build.0 = Debug|Any CPU
		{27E663E3-E044-45B9-9287-88D8CBCFDADC}.Release|Any CPU.ActiveCfg = Release|Any CPU
		{27E663E3-E044-45B9-9287-88D8CBCFDADC}.Release|Any CPU.Build.0 = Release|Any CPU
		{DC440C2D-C648-4868-BBC6-532AEA2680CF}.Debug|Any CPU.ActiveCfg = Debug|Any CPU
		{DC440C2D-C648-4868-BBC6-532AEA2680CF}.Debug|Any CPU.Build.0 = Debug|Any CPU
		{DC440C2D-C648-4868-BBC6-532AEA2680CF}.Release|Any CPU.ActiveCfg = Release|Any CPU
		{DC440C2D-C648-4868-BBC6-532AEA2680CF}.Release|Any CPU.Build.0 = Release|Any CPU
		{87E9DE87-24F7-4160-898A-BE73029A1720}.Debug|Any CPU.ActiveCfg = Debug|Any CPU
		{87E9DE87-24F7-4160-898A-BE73029A1720}.Debug|Any CPU.Build.0 = Debug|Any CPU
		{87E9DE87-24F7-4160-898A-BE73029A1720}.Release|Any CPU.ActiveCfg = Release|Any CPU
		{87E9DE87-24F7-4160-898A-BE73029A1720}.Release|Any CPU.Build.0 = Release|Any CPU
	EndGlobalSection
	GlobalSection(SolutionProperties) = preSolution
		HideSolutionNode = FALSE
	EndGlobalSection
	GlobalSection(ExtensibilityGlobals) = postSolution
		SolutionGuid = {0D10D481-3072-47E9-B72B-F6BF8E6E3DE3}
	EndGlobalSection
EndGlobal
