
Microsoft Visual Studio Solution File, Format Version 12.00
# Visual Studio Version 16
VisualStudioVersion = 16.0.810.7
MinimumVisualStudioVersion = 10.0.40219.1
Project("{FAE04EC0-301F-11D3-BF4B-00C04F79EFBC}") = "DiscordBot", "DiscordBot\DiscordBot.csproj", "{3A18B161-7035-46BF-94E6-C53ED7647212}"
EndProject
Project("{E53339B2-1760-4266-BCC7-CA923CBCF16C}") = "docker-compose", "docker-compose.dcproj", "{95C592E1-EA0C-412B-90BD-A25C5590E33C}"
EndProject
Global
	GlobalSection(SolutionConfigurationPlatforms) = preSolution
		Debug|Any CPU = Debug|Any CPU
		Release|Any CPU = Release|Any CPU
	EndGlobalSection
	GlobalSection(ProjectConfigurationPlatforms) = postSolution
		{3A18B161-7035-46BF-94E6-C53ED7647212}.Debug|Any CPU.ActiveCfg = Debug|Any CPU
		{3A18B161-7035-46BF-94E6-C53ED7647212}.Debug|Any CPU.Build.0 = Debug|Any CPU
		{3A18B161-7035-46BF-94E6-C53ED7647212}.Release|Any CPU.ActiveCfg = Release|Any CPU
		{3A18B161-7035-46BF-94E6-C53ED7647212}.Release|Any CPU.Build.0 = Release|Any CPU
		{95C592E1-EA0C-412B-90BD-A25C5590E33C}.Debug|Any CPU.ActiveCfg = Debug|Any CPU
		{95C592E1-EA0C-412B-90BD-A25C5590E33C}.Debug|Any CPU.Build.0 = Debug|Any CPU
		{95C592E1-EA0C-412B-90BD-A25C5590E33C}.Release|Any CPU.ActiveCfg = Release|Any CPU
		{95C592E1-EA0C-412B-90BD-A25C5590E33C}.Release|Any CPU.Build.0 = Release|Any CPU
	EndGlobalSection
	GlobalSection(SolutionProperties) = preSolution
		HideSolutionNode = FALSE
	EndGlobalSection
	GlobalSection(ExtensibilityGlobals) = postSolution
		SolutionGuid = {0D10D481-3072-47E9-B72B-F6BF8E6E3DE3}
	EndGlobalSection
EndGlobal
